
Microsoft Visual Studio Solution File, Format Version 12.00
# Visual Studio 15
VisualStudioVersion = 15.0.27004.2005
MinimumVisualStudioVersion = 10.0.40219.1
Project("{9A19103F-16F7-4668-BE54-9A1E7A4F7556}") = "trafficpolice", "trafficpolice\trafficpolice.csproj", "{BA12BFBC-A266-45D2-A07E-40728D7D1E9F}"
EndProject
Project("{9A19103F-16F7-4668-BE54-9A1E7A4F7556}") = "ConsoleApp1", "ConsoleApp1\ConsoleApp1.csproj", "{6C71F82B-4440-4579-876C-EF973C184927}"
EndProject
Project("{2150E333-8FDC-42A3-9474-1A3956D46DE8}") = "src", "src", "{9086D3A6-056D-4BCC-8633-CA24782E9DD3}"
EndProject
Project("{FAE04EC0-301F-11D3-BF4B-00C04F79EFBC}") = "Quick_Application1", "Quick Application1\Quick_Application1\Quick_Application1.csproj", "{65C5F8D1-9486-4984-A040-15467AF6B1A1}"
EndProject
Project("{FAE04EC0-301F-11D3-BF4B-00C04F79EFBC}") = "DAL", "Quick Application1\DAL\DAL.csproj", "{B6A7E202-05C1-4907-BB6E-5B5EDAA53268}"
EndProject
Global
	GlobalSection(SolutionConfigurationPlatforms) = preSolution
		Debug|Any CPU = Debug|Any CPU
		Release|Any CPU = Release|Any CPU
	EndGlobalSection
	GlobalSection(ProjectConfigurationPlatforms) = postSolution
		{BA12BFBC-A266-45D2-A07E-40728D7D1E9F}.Debug|Any CPU.ActiveCfg = Debug|Any CPU
		{BA12BFBC-A266-45D2-A07E-40728D7D1E9F}.Debug|Any CPU.Build.0 = Debug|Any CPU
		{BA12BFBC-A266-45D2-A07E-40728D7D1E9F}.Release|Any CPU.ActiveCfg = Release|Any CPU
		{BA12BFBC-A266-45D2-A07E-40728D7D1E9F}.Release|Any CPU.Build.0 = Release|Any CPU
		{6C71F82B-4440-4579-876C-EF973C184927}.Debug|Any CPU.ActiveCfg = Debug|Any CPU
		{6C71F82B-4440-4579-876C-EF973C184927}.Debug|Any CPU.Build.0 = Debug|Any CPU
		{6C71F82B-4440-4579-876C-EF973C184927}.Release|Any CPU.ActiveCfg = Release|Any CPU
		{6C71F82B-4440-4579-876C-EF973C184927}.Release|Any CPU.Build.0 = Release|Any CPU
		{65C5F8D1-9486-4984-A040-15467AF6B1A1}.Debug|Any CPU.ActiveCfg = Debug|Any CPU
		{65C5F8D1-9486-4984-A040-15467AF6B1A1}.Debug|Any CPU.Build.0 = Debug|Any CPU
		{65C5F8D1-9486-4984-A040-15467AF6B1A1}.Release|Any CPU.ActiveCfg = Release|Any CPU
		{65C5F8D1-9486-4984-A040-15467AF6B1A1}.Release|Any CPU.Build.0 = Release|Any CPU
		{B6A7E202-05C1-4907-BB6E-5B5EDAA53268}.Debug|Any CPU.ActiveCfg = Debug|Any CPU
		{B6A7E202-05C1-4907-BB6E-5B5EDAA53268}.Debug|Any CPU.Build.0 = Debug|Any CPU
		{B6A7E202-05C1-4907-BB6E-5B5EDAA53268}.Release|Any CPU.ActiveCfg = Release|Any CPU
		{B6A7E202-05C1-4907-BB6E-5B5EDAA53268}.Release|Any CPU.Build.0 = Release|Any CPU
	EndGlobalSection
	GlobalSection(SolutionProperties) = preSolution
		HideSolutionNode = FALSE
	EndGlobalSection
	GlobalSection(NestedProjects) = preSolution
		{65C5F8D1-9486-4984-A040-15467AF6B1A1} = {9086D3A6-056D-4BCC-8633-CA24782E9DD3}
		{B6A7E202-05C1-4907-BB6E-5B5EDAA53268} = {9086D3A6-056D-4BCC-8633-CA24782E9DD3}
	EndGlobalSection
	GlobalSection(ExtensibilityGlobals) = postSolution
		SolutionGuid = {BCDED963-E072-43CF-977B-015E77D9D7B8}
	EndGlobalSection
EndGlobal
